
Microsoft Visual Studio Solution File, Format Version 12.00
# Visual Studio Version 17
VisualStudioVersion = 17.1.32407.343
MinimumVisualStudioVersion = 10.0.40219.1
Project("{9A19103F-16F7-4668-BE54-9A1E7A4F7556}") = "FuelStationAPI", "FuelStationAPI\FuelStationAPI.csproj", "{130F959E-9E4B-4549-B6D8-8F7368598CFF}"
EndProject
Project("{2150E333-8FDC-42A3-9474-1A3956D46DE8}") = "Tests", "Tests", "{8BF4B508-696F-47AF-BCAA-819A1DCCFEA4}"
EndProject
Project("{2150E333-8FDC-42A3-9474-1A3956D46DE8}") = "src", "src", "{EB972A56-7B99-4006-B2DF-D3286AF6A0A4}"
EndProject
Project("{9A19103F-16F7-4668-BE54-9A1E7A4F7556}") = "TextScanner", "TextScraper\TextScanner.csproj", "{15825322-A210-4E75-9474-654D9D0D6880}"
EndProject
Project("{9A19103F-16F7-4668-BE54-9A1E7A4F7556}") = "TextScannerTests", "SmartSubscriptTest\TextScannerTests.csproj", "{5B0CA310-8B6D-4A69-B315-FE47A00B5C91}"
EndProject
Global
	GlobalSection(SolutionConfigurationPlatforms) = preSolution
		Debug|Any CPU = Debug|Any CPU
		Release|Any CPU = Release|Any CPU
	EndGlobalSection
	GlobalSection(ProjectConfigurationPlatforms) = postSolution
		{130F959E-9E4B-4549-B6D8-8F7368598CFF}.Debug|Any CPU.ActiveCfg = Debug|Any CPU
		{130F959E-9E4B-4549-B6D8-8F7368598CFF}.Debug|Any CPU.Build.0 = Debug|Any CPU
		{130F959E-9E4B-4549-B6D8-8F7368598CFF}.Release|Any CPU.ActiveCfg = Release|Any CPU
		{130F959E-9E4B-4549-B6D8-8F7368598CFF}.Release|Any CPU.Build.0 = Release|Any CPU
		{15825322-A210-4E75-9474-654D9D0D6880}.Debug|Any CPU.ActiveCfg = Debug|Any CPU
		{15825322-A210-4E75-9474-654D9D0D6880}.Debug|Any CPU.Build.0 = Debug|Any CPU
		{15825322-A210-4E75-9474-654D9D0D6880}.Release|Any CPU.ActiveCfg = Release|Any CPU
		{15825322-A210-4E75-9474-654D9D0D6880}.Release|Any CPU.Build.0 = Release|Any CPU
		{5B0CA310-8B6D-4A69-B315-FE47A00B5C91}.Debug|Any CPU.ActiveCfg = Debug|Any CPU
		{5B0CA310-8B6D-4A69-B315-FE47A00B5C91}.Debug|Any CPU.Build.0 = Debug|Any CPU
		{5B0CA310-8B6D-4A69-B315-FE47A00B5C91}.Release|Any CPU.ActiveCfg = Release|Any CPU
		{5B0CA310-8B6D-4A69-B315-FE47A00B5C91}.Release|Any CPU.Build.0 = Release|Any CPU
	EndGlobalSection
	GlobalSection(SolutionProperties) = preSolution
		HideSolutionNode = FALSE
	EndGlobalSection
	GlobalSection(NestedProjects) = preSolution
		{130F959E-9E4B-4549-B6D8-8F7368598CFF} = {EB972A56-7B99-4006-B2DF-D3286AF6A0A4}
		{15825322-A210-4E75-9474-654D9D0D6880} = {EB972A56-7B99-4006-B2DF-D3286AF6A0A4}
		{5B0CA310-8B6D-4A69-B315-FE47A00B5C91} = {8BF4B508-696F-47AF-BCAA-819A1DCCFEA4}
	EndGlobalSection
	GlobalSection(ExtensibilityGlobals) = postSolution
		SolutionGuid = {CEAB55D7-F966-4EB7-84E0-01ED1B1D55FB}
	EndGlobalSection
EndGlobal
